
Microsoft Visual Studio Solution File, Format Version 12.00
# Visual Studio Version 17
VisualStudioVersion = 17.0.31912.275
MinimumVisualStudioVersion = 10.0.40219.1
Project("{9A19103F-16F7-4668-BE54-9A1E7A4F7556}") = "iRLeagueManager.Web", "src\iRLeagueManager.Web\iRLeagueManager.Web.csproj", "{0E1210B9-CB90-497D-9B67-D084D7DFE768}"
EndProject
Project("{2150E333-8FDC-42A3-9474-1A3956D46DE8}") = "Projektmappenelemente", "Projektmappenelemente", "{A36C6547-B125-4391-9F6E-C41690F2AD97}"
	ProjectSection(SolutionItems) = preProject
		.github\workflows\dotnet_main.yml = .github\workflows\dotnet_main.yml
		.github\workflows\dotnet_tag_release.yml = .github\workflows\dotnet_tag_release.yml
		.github\workflows\dotnet_develop.yml = .github\workflows\dotnet_develop.yml
	EndProjectSection
EndProject
Global
	GlobalSection(SolutionConfigurationPlatforms) = preSolution
		Debug|Any CPU = Debug|Any CPU
		Release|Any CPU = Release|Any CPU
	EndGlobalSection
	GlobalSection(ProjectConfigurationPlatforms) = postSolution
		{0E1210B9-CB90-497D-9B67-D084D7DFE768}.Debug|Any CPU.ActiveCfg = Debug|Any CPU
		{0E1210B9-CB90-497D-9B67-D084D7DFE768}.Debug|Any CPU.Build.0 = Debug|Any CPU
		{0E1210B9-CB90-497D-9B67-D084D7DFE768}.Release|Any CPU.ActiveCfg = Release|Any CPU
		{0E1210B9-CB90-497D-9B67-D084D7DFE768}.Release|Any CPU.Build.0 = Release|Any CPU
	EndGlobalSection
	GlobalSection(SolutionProperties) = preSolution
		HideSolutionNode = FALSE
	EndGlobalSection
	GlobalSection(ExtensibilityGlobals) = postSolution
		SolutionGuid = {48BFBD0E-7473-4C72-A89D-B29AC57DFBE6}
	EndGlobalSection
EndGlobal
