
Microsoft Visual Studio Solution File, Format Version 12.00
# Visual Studio Version 16
VisualStudioVersion = 16.0.31613.86
MinimumVisualStudioVersion = 10.0.40219.1
Project("{9A19103F-16F7-4668-BE54-9A1E7A4F7556}") = "iRleagueManager.Web.Server", "iRleagueManager.Web.Server\iRleagueManager.Web.Server.csproj", "{D7CD2AA2-5089-4E4A-8547-0F16AEEB625D}"
EndProject
Global
	GlobalSection(SolutionConfigurationPlatforms) = preSolution
		Debug|Any CPU = Debug|Any CPU
		Release|Any CPU = Release|Any CPU
	EndGlobalSection
	GlobalSection(ProjectConfigurationPlatforms) = postSolution
		{D7CD2AA2-5089-4E4A-8547-0F16AEEB625D}.Debug|Any CPU.ActiveCfg = Debug|Any CPU
		{D7CD2AA2-5089-4E4A-8547-0F16AEEB625D}.Debug|Any CPU.Build.0 = Debug|Any CPU
		{D7CD2AA2-5089-4E4A-8547-0F16AEEB625D}.Release|Any CPU.ActiveCfg = Release|Any CPU
		{D7CD2AA2-5089-4E4A-8547-0F16AEEB625D}.Release|Any CPU.Build.0 = Release|Any CPU
	EndGlobalSection
	GlobalSection(SolutionProperties) = preSolution
		HideSolutionNode = FALSE
	EndGlobalSection
	GlobalSection(ExtensibilityGlobals) = postSolution
		SolutionGuid = {48BFBD0E-7473-4C72-A89D-B29AC57DFBE6}
	EndGlobalSection
EndGlobal
