
Microsoft Visual Studio Solution File, Format Version 12.00
# Visual Studio Version 17
VisualStudioVersion = 17.0.31912.275
MinimumVisualStudioVersion = 10.0.40219.1
Project("{9A19103F-16F7-4668-BE54-9A1E7A4F7556}") = "iRLeagueApiCore.Client", "..\iRLeagueApiCore\iRLeagueApiCore.Client\iRLeagueApiCore.Client.csproj", "{771C51F9-EEF1-4DB9-B5D7-872AABBEF85A}"
EndProject
Project("{9A19103F-16F7-4668-BE54-9A1E7A4F7556}") = "iRLeagueManager.Web", "iRLeagueManager.Web\iRLeagueManager.Web.csproj", "{0E1210B9-CB90-497D-9B67-D084D7DFE768}"
EndProject
Global
	GlobalSection(SolutionConfigurationPlatforms) = preSolution
		Debug|Any CPU = Debug|Any CPU
		Release|Any CPU = Release|Any CPU
	EndGlobalSection
	GlobalSection(ProjectConfigurationPlatforms) = postSolution
		{771C51F9-EEF1-4DB9-B5D7-872AABBEF85A}.Debug|Any CPU.ActiveCfg = Debug|Any CPU
		{771C51F9-EEF1-4DB9-B5D7-872AABBEF85A}.Debug|Any CPU.Build.0 = Debug|Any CPU
		{771C51F9-EEF1-4DB9-B5D7-872AABBEF85A}.Release|Any CPU.ActiveCfg = Release|Any CPU
		{771C51F9-EEF1-4DB9-B5D7-872AABBEF85A}.Release|Any CPU.Build.0 = Release|Any CPU
		{0E1210B9-CB90-497D-9B67-D084D7DFE768}.Debug|Any CPU.ActiveCfg = Debug|Any CPU
		{0E1210B9-CB90-497D-9B67-D084D7DFE768}.Debug|Any CPU.Build.0 = Debug|Any CPU
		{0E1210B9-CB90-497D-9B67-D084D7DFE768}.Release|Any CPU.ActiveCfg = Release|Any CPU
		{0E1210B9-CB90-497D-9B67-D084D7DFE768}.Release|Any CPU.Build.0 = Release|Any CPU
	EndGlobalSection
	GlobalSection(SolutionProperties) = preSolution
		HideSolutionNode = FALSE
	EndGlobalSection
	GlobalSection(ExtensibilityGlobals) = postSolution
		SolutionGuid = {48BFBD0E-7473-4C72-A89D-B29AC57DFBE6}
	EndGlobalSection
EndGlobal
